[tools.actionlint]
version = "1.7.7"
backend = "aqua:rhysd/actionlint"

[tools.bun]
version = "1.2.9"
backend = "core:bun"

[tools.bun.checksums]
"bun-darwin-aarch64.zip" = "sha256:bda96ffb68f8e5fd16d2b3443225ae5e26c8dbe790cbb35ddba261b7be280618"

[tools.cargo-binstall]
version = "1.11.0"
backend = "aqua:cargo-bins/cargo-binstall"

[tools.cargo-binstall.checksums]
"cargo-binstall-aarch64-apple-darwin.zip" = "sha256:bd746c656e5cc9820fb277b442f438127bc461c52f20500452b845a767d15322"

[tools."cargo:cargo-msrv"]
version = "0.18.1"
backend = "cargo:cargo-msrv"

[tools."cargo:cargo-release"]
version = "0.25.15"
backend = "cargo:cargo-release"

[tools.git-cliff]
version = "2.8.0"
backend = "aqua:orhun/git-cliff"

[tools.git-cliff.checksums]
"git-cliff-2.8.0-x86_64-apple-darwin.tar.gz" = "sha512:bc841df00273f011e3a88c1d92b3bcd92482647c6721a31eb79f341f65b663386b22b53fd67dcf967b83ef6d1032d176ff0aa74d86a36c9f5f42272b4289720e"

[tools.hadolint]
version = "2.12.0"
backend = "ubi:hadolint/hadolint"

[tools.hadolint.checksums]
hadolint-macos-aarch64 = "sha256:2a5b7afcab91645c39a7cebefcd835b865f7488e69be24567f433dfc3d41cd27"

[tools.ktlint]
version = "1.5.0"
backend = "aqua:pinterest/ktlint"

[tools.ktlint.checksums]
"ktlint-1.5.0.zip" = "sha256:3958a51ca45a82baf3d03aefd3ea199058d1e170df022b0c47605ef0c9a048e7"

[tools."npm:prettier"]
version = "3.5.2"
backend = "npm:prettier"

[tools."npm:stylelint"]
version = "16.14.1"
backend = "npm:stylelint"

[tools.pkl]
version = "0.28.1"
backend = "aqua:apple/pkl"

[tools.pkl.checksums]
pkl-macos-aarch64 = "sha256:d393dedaa7067eb5c96ff99c89e73f463a96f64b4e231bfeee42b98547b10fe0"

[tools.ripgrep]
version = "14.1.1"
backend = "aqua:BurntSushi/ripgrep"

[tools.shellcheck]
version = "0.10.0"
backend = "ubi:koalaman/shellcheck"

[tools.swiftlint]
version = "0.58.2"
backend = "asdf:swiftlint"

[tools.yq]
version = "4.45.1"
backend = "aqua:mikefarah/yq"

[tools.yq.checksums]
yq_darwin_arm64 = "sha256:83edb55e254993f9043d01a1515205b54ffc2c7ce815a780573da64afaf2c71b"
